// !$*UTF8*$!
{
	archiveVersion = 1;
	classes = {
	};
	objectVersion = 46;
	objects = {

/* Begin PBXBuildFile section */
		362E9A471A94C96A00CFC25A /* main.m in Sources */ = {isa = PBXBuildFile; fileRef = 362E9A461A94C96A00CFC25A /* main.m */; };
		362E9A4A1A94C96A00CFC25A /* AppDelegate.m in Sources */ = {isa = PBXBuildFile; fileRef = 362E9A491A94C96A00CFC25A /* AppDelegate.m */; };
		362E9A4D1A94C96A00CFC25A /* Ideao.xcdatamodeld in Sources */ = {isa = PBXBuildFile; fileRef = 362E9A4B1A94C96A00CFC25A /* Ideao.xcdatamodeld */; };
		362E9A501A94C96A00CFC25A /* LoginViewController.m in Sources */ = {isa = PBXBuildFile; fileRef = 362E9A4F1A94C96A00CFC25A /* LoginViewController.m */; };
		362E9A531A94C96A00CFC25A /* Main.storyboard in Resources */ = {isa = PBXBuildFile; fileRef = 362E9A511A94C96A00CFC25A /* Main.storyboard */; };
		362E9A551A94C96A00CFC25A /* Images.xcassets in Resources */ = {isa = PBXBuildFile; fileRef = 362E9A541A94C96A00CFC25A /* Images.xcassets */; };
		362E9A581A94C96A00CFC25A /* LaunchScreen.xib in Resources */ = {isa = PBXBuildFile; fileRef = 362E9A561A94C96A00CFC25A /* LaunchScreen.xib */; };
		362E9A641A94C96A00CFC25A /* IdeaoTests.m in Sources */ = {isa = PBXBuildFile; fileRef = 362E9A631A94C96A00CFC25A /* IdeaoTests.m */; };
		362E9A701A94C9E700CFC25A /* Crashlytics.framework in Frameworks */ = {isa = PBXBuildFile; fileRef = 362E9A6E1A94C9E700CFC25A /* Crashlytics.framework */; };
		362E9A711A94C9E700CFC25A /* Fabric.framework in Frameworks */ = {isa = PBXBuildFile; fileRef = 362E9A6F1A94C9E700CFC25A /* Fabric.framework */; };
		362E9A741A94CA3D00CFC25A /* TwitterKit.framework in Frameworks */ = {isa = PBXBuildFile; fileRef = 362E9A721A94CA3D00CFC25A /* TwitterKit.framework */; };
		362E9A751A94CA3D00CFC25A /* TwitterKitResources.bundle in Resources */ = {isa = PBXBuildFile; fileRef = 362E9A731A94CA3D00CFC25A /* TwitterKitResources.bundle */; };
		362E9A791A94E9AC00CFC25A /* HomeViewController.m in Sources */ = {isa = PBXBuildFile; fileRef = 362E9A771A94DF3600CFC25A /* HomeViewController.m */; };
		362E9A7C1A94EC5300CFC25A /* User.m in Sources */ = {isa = PBXBuildFile; fileRef = 362E9A7B1A94EC5300CFC25A /* User.m */; };
		362E9A7F1A94F80400CFC25A /* MoPub.framework in Frameworks */ = {isa = PBXBuildFile; fileRef = 362E9A7D1A94F80400CFC25A /* MoPub.framework */; };
		362E9A801A94F80400CFC25A /* MoPub.bundle in Resources */ = {isa = PBXBuildFile; fileRef = 362E9A7E1A94F80400CFC25A /* MoPub.bundle */; };
		36F403741A9502AD00E46829 /* CardContentView.xib in Resources */ = {isa = PBXBuildFile; fileRef = 36F403711A9502AD00E46829 /* CardContentView.xib */; };
		36F403751A9502AD00E46829 /* CardView.m in Sources */ = {isa = PBXBuildFile; fileRef = 36F403731A9502AD00E46829 /* CardView.m */; };
		C583887AB5893C19AE3983FE /* libPods.a in Frameworks */ = {isa = PBXBuildFile; fileRef = 3B5EE43D002AAA21B4F91256 /* libPods.a */; };
/* End PBXBuildFile section */

/* Begin PBXContainerItemProxy section */
		362E9A5E1A94C96A00CFC25A /* PBXContainerItemProxy */ = {
			isa = PBXContainerItemProxy;
			containerPortal = 362E9A391A94C96A00CFC25A /* Project object */;
			proxyType = 1;
			remoteGlobalIDString = 362E9A401A94C96A00CFC25A;
			remoteInfo = Ideao;
		};
/* End PBXContainerItemProxy section */

/* Begin PBXFileReference section */
		1575BC9784037683C18B3221 /* Pods.debug.xcconfig */ = {isa = PBXFileReference; includeInIndex = 1; lastKnownFileType = text.xcconfig; name = Pods.debug.xcconfig; path = "Pods/Target Support Files/Pods/Pods.debug.xcconfig"; sourceTree = "<group>"; };
		362E9A411A94C96A00CFC25A /* Ideao.app */ = {isa = PBXFileReference; explicitFileType = wrapper.application; includeInIndex = 0; path = Ideao.app; sourceTree = BUILT_PRODUCTS_DIR; };
		362E9A451A94C96A00CFC25A /* Info.plist */ = {isa = PBXFileReference; lastKnownFileType = text.plist.xml; path = Info.plist; sourceTree = "<group>"; };
		362E9A461A94C96A00CFC25A /* main.m */ = {isa = PBXFileReference; lastKnownFileType = sourcecode.c.objc; path = main.m; sourceTree = "<group>"; };
		362E9A481A94C96A00CFC25A /* AppDelegate.h */ = {isa = PBXFileReference; lastKnownFileType = sourcecode.c.h; path = AppDelegate.h; sourceTree = "<group>"; };
		362E9A491A94C96A00CFC25A /* AppDelegate.m */ = {isa = PBXFileReference; lastKnownFileType = sourcecode.c.objc; path = AppDelegate.m; sourceTree = "<group>"; };
		362E9A4C1A94C96A00CFC25A /* Ideao.xcdatamodel */ = {isa = PBXFileReference; lastKnownFileType = wrapper.xcdatamodel; path = Ideao.xcdatamodel; sourceTree = "<group>"; };
		362E9A4E1A94C96A00CFC25A /* LoginViewController.h */ = {isa = PBXFileReference; lastKnownFileType = sourcecode.c.h; path = LoginViewController.h; sourceTree = "<group>"; };
		362E9A4F1A94C96A00CFC25A /* LoginViewController.m */ = {isa = PBXFileReference; lastKnownFileType = sourcecode.c.objc; path = LoginViewController.m; sourceTree = "<group>"; };
		362E9A521A94C96A00CFC25A /* Base */ = {isa = PBXFileReference; lastKnownFileType = file.storyboard; name = Base; path = Base.lproj/Main.storyboard; sourceTree = "<group>"; };
		362E9A541A94C96A00CFC25A /* Images.xcassets */ = {isa = PBXFileReference; lastKnownFileType = folder.assetcatalog; path = Images.xcassets; sourceTree = "<group>"; };
		362E9A571A94C96A00CFC25A /* Base */ = {isa = PBXFileReference; lastKnownFileType = file.xib; name = Base; path = Base.lproj/LaunchScreen.xib; sourceTree = "<group>"; };
		362E9A5D1A94C96A00CFC25A /* IdeaoTests.xctest */ = {isa = PBXFileReference; explicitFileType = wrapper.cfbundle; includeInIndex = 0; path = IdeaoTests.xctest; sourceTree = BUILT_PRODUCTS_DIR; };
		362E9A621A94C96A00CFC25A /* Info.plist */ = {isa = PBXFileReference; lastKnownFileType = text.plist.xml; path = Info.plist; sourceTree = "<group>"; };
		362E9A631A94C96A00CFC25A /* IdeaoTests.m */ = {isa = PBXFileReference; lastKnownFileType = sourcecode.c.objc; path = IdeaoTests.m; sourceTree = "<group>"; };
		362E9A6E1A94C9E700CFC25A /* Crashlytics.framework */ = {isa = PBXFileReference; lastKnownFileType = wrapper.framework; path = Crashlytics.framework; sourceTree = SOURCE_ROOT; };
		362E9A6F1A94C9E700CFC25A /* Fabric.framework */ = {isa = PBXFileReference; lastKnownFileType = wrapper.framework; path = Fabric.framework; sourceTree = SOURCE_ROOT; };
		362E9A721A94CA3D00CFC25A /* TwitterKit.framework */ = {isa = PBXFileReference; lastKnownFileType = wrapper.framework; path = TwitterKit.framework; sourceTree = SOURCE_ROOT; };
		362E9A731A94CA3D00CFC25A /* TwitterKitResources.bundle */ = {isa = PBXFileReference; lastKnownFileType = "wrapper.plug-in"; name = TwitterKitResources.bundle; path = TwitterKit.framework/Versions/A/Resources/TwitterKitResources.bundle; sourceTree = SOURCE_ROOT; };
		362E9A761A94DF3600CFC25A /* HomeViewController.h */ = {isa = PBXFileReference; fileEncoding = 4; lastKnownFileType = sourcecode.c.h; path = HomeViewController.h; sourceTree = "<group>"; };
		362E9A771A94DF3600CFC25A /* HomeViewController.m */ = {isa = PBXFileReference; fileEncoding = 4; lastKnownFileType = sourcecode.c.objc; path = HomeViewController.m; sourceTree = "<group>"; };
		362E9A7A1A94EC5300CFC25A /* User.h */ = {isa = PBXFileReference; fileEncoding = 4; lastKnownFileType = sourcecode.c.h; name = User.h; path = DataModels/User.h; sourceTree = "<group>"; };
		362E9A7B1A94EC5300CFC25A /* User.m */ = {isa = PBXFileReference; fileEncoding = 4; lastKnownFileType = sourcecode.c.objc; name = User.m; path = DataModels/User.m; sourceTree = "<group>"; };
		362E9A7D1A94F80400CFC25A /* MoPub.framework */ = {isa = PBXFileReference; lastKnownFileType = wrapper.framework; path = MoPub.framework; sourceTree = SOURCE_ROOT; };
		362E9A7E1A94F80400CFC25A /* MoPub.bundle */ = {isa = PBXFileReference; lastKnownFileType = "wrapper.plug-in"; name = MoPub.bundle; path = MoPub.framework/Versions/A/Resources/MoPub.bundle; sourceTree = SOURCE_ROOT; };
		36F403711A9502AD00E46829 /* CardContentView.xib */ = {isa = PBXFileReference; fileEncoding = 4; lastKnownFileType = file.xib; path = CardContentView.xib; sourceTree = "<group>"; };
		36F403721A9502AD00E46829 /* CardView.h */ = {isa = PBXFileReference; fileEncoding = 4; lastKnownFileType = sourcecode.c.h; path = CardView.h; sourceTree = "<group>"; };
		36F403731A9502AD00E46829 /* CardView.m */ = {isa = PBXFileReference; fileEncoding = 4; lastKnownFileType = sourcecode.c.objc; path = CardView.m; sourceTree = "<group>"; };
		3B5EE43D002AAA21B4F91256 /* libPods.a */ = {isa = PBXFileReference; explicitFileType = archive.ar; includeInIndex = 0; path = libPods.a; sourceTree = BUILT_PRODUCTS_DIR; };
		5800B3B9917B19071961D7D4 /* Pods.release.xcconfig */ = {isa = PBXFileReference; includeInIndex = 1; lastKnownFileType = text.xcconfig; name = Pods.release.xcconfig; path = "Pods/Target Support Files/Pods/Pods.release.xcconfig"; sourceTree = "<group>"; };
/* End PBXFileReference section */

/* Begin PBXFrameworksBuildPhase section */
		362E9A3E1A94C96A00CFC25A /* Frameworks */ = {
			isa = PBXFrameworksBuildPhase;
			buildActionMask = 2147483647;
			files = (
				362E9A701A94C9E700CFC25A /* Crashlytics.framework in Frameworks */,
				362E9A711A94C9E700CFC25A /* Fabric.framework in Frameworks */,
				362E9A7F1A94F80400CFC25A /* MoPub.framework in Frameworks */,
				362E9A741A94CA3D00CFC25A /* TwitterKit.framework in Frameworks */,
				C583887AB5893C19AE3983FE /* libPods.a in Frameworks */,
			);
			runOnlyForDeploymentPostprocessing = 0;
		};
		362E9A5A1A94C96A00CFC25A /* Frameworks */ = {
			isa = PBXFrameworksBuildPhase;
			buildActionMask = 2147483647;
			files = (
			);
			runOnlyForDeploymentPostprocessing = 0;
		};
/* End PBXFrameworksBuildPhase section */

/* Begin PBXGroup section */
		362E9A381A94C96A00CFC25A = {
			isa = PBXGroup;
			children = (
				362E9A431A94C96A00CFC25A /* Ideao */,
				362E9A601A94C96A00CFC25A /* IdeaoTests */,
				362E9A421A94C96A00CFC25A /* Products */,
				8CB813723CA3ADACBFE7E9A2 /* Pods */,
				4BE89C750E74D7B18E1C5029 /* Frameworks */,
			);
			sourceTree = "<group>";
		};
		362E9A421A94C96A00CFC25A /* Products */ = {
			isa = PBXGroup;
			children = (
				362E9A411A94C96A00CFC25A /* Ideao.app */,
				362E9A5D1A94C96A00CFC25A /* IdeaoTests.xctest */,
			);
			name = Products;
			sourceTree = "<group>";
		};
		362E9A431A94C96A00CFC25A /* Ideao */ = {
			isa = PBXGroup;
			children = (
				36F4037C1A95033900E46829 /* FrameWorks */,
				36F4037B1A95030C00E46829 /* DataModels */,
				36F4037A1A9502F700E46829 /* StoryBoard */,
				36F403791A9502E700E46829 /* HomeViewController */,
				36F403781A9502D900E46829 /* Login */,
				36F403771A9502CC00E46829 /* AppDelegate */,
				36F403761A9502B600E46829 /* CardView */,
				362E9A541A94C96A00CFC25A /* Images.xcassets */,
				362E9A441A94C96A00CFC25A /* Supporting Files */,
			);
			path = Ideao;
			sourceTree = "<group>";
		};
		362E9A441A94C96A00CFC25A /* Supporting Files */ = {
			isa = PBXGroup;
			children = (
				362E9A451A94C96A00CFC25A /* Info.plist */,
				362E9A461A94C96A00CFC25A /* main.m */,
			);
			name = "Supporting Files";
			sourceTree = "<group>";
		};
		362E9A601A94C96A00CFC25A /* IdeaoTests */ = {
			isa = PBXGroup;
			children = (
				362E9A631A94C96A00CFC25A /* IdeaoTests.m */,
				362E9A611A94C96A00CFC25A /* Supporting Files */,
			);
			path = IdeaoTests;
			sourceTree = "<group>";
		};
		362E9A611A94C96A00CFC25A /* Supporting Files */ = {
			isa = PBXGroup;
			children = (
				362E9A621A94C96A00CFC25A /* Info.plist */,
			);
			name = "Supporting Files";
			sourceTree = "<group>";
		};
		36F403761A9502B600E46829 /* CardView */ = {
			isa = PBXGroup;
			children = (
				36F403711A9502AD00E46829 /* CardContentView.xib */,
				36F403721A9502AD00E46829 /* CardView.h */,
				36F403731A9502AD00E46829 /* CardView.m */,
			);
			name = CardView;
			sourceTree = "<group>";
		};
		36F403771A9502CC00E46829 /* AppDelegate */ = {
			isa = PBXGroup;
			children = (
				362E9A481A94C96A00CFC25A /* AppDelegate.h */,
				362E9A491A94C96A00CFC25A /* AppDelegate.m */,
			);
			name = AppDelegate;
			sourceTree = "<group>";
		};
		36F403781A9502D900E46829 /* Login */ = {
			isa = PBXGroup;
			children = (
				362E9A4E1A94C96A00CFC25A /* LoginViewController.h */,
				362E9A4F1A94C96A00CFC25A /* LoginViewController.m */,
			);
			name = Login;
			sourceTree = "<group>";
		};
		36F403791A9502E700E46829 /* HomeViewController */ = {
			isa = PBXGroup;
			children = (
				362E9A761A94DF3600CFC25A /* HomeViewController.h */,
				362E9A771A94DF3600CFC25A /* HomeViewController.m */,
			);
			name = HomeViewController;
			sourceTree = "<group>";
		};
		36F4037A1A9502F700E46829 /* StoryBoard */ = {
			isa = PBXGroup;
			children = (
				362E9A511A94C96A00CFC25A /* Main.storyboard */,
				362E9A561A94C96A00CFC25A /* LaunchScreen.xib */,
			);
			name = StoryBoard;
			sourceTree = "<group>";
		};
		36F4037B1A95030C00E46829 /* DataModels */ = {
			isa = PBXGroup;
			children = (
				362E9A4B1A94C96A00CFC25A /* Ideao.xcdatamodeld */,
				362E9A7A1A94EC5300CFC25A /* User.h */,
				362E9A7B1A94EC5300CFC25A /* User.m */,
			);
			name = DataModels;
			sourceTree = "<group>";
		};
		36F4037C1A95033900E46829 /* FrameWorks */ = {
			isa = PBXGroup;
			children = (
				362E9A7D1A94F80400CFC25A /* MoPub.framework */,
				362E9A7E1A94F80400CFC25A /* MoPub.bundle */,
				362E9A721A94CA3D00CFC25A /* TwitterKit.framework */,
				362E9A731A94CA3D00CFC25A /* TwitterKitResources.bundle */,
				362E9A6E1A94C9E700CFC25A /* Crashlytics.framework */,
				362E9A6F1A94C9E700CFC25A /* Fabric.framework */,
			);
			name = FrameWorks;
			sourceTree = "<group>";
		};
		4BE89C750E74D7B18E1C5029 /* Frameworks */ = {
			isa = PBXGroup;
			children = (
				3B5EE43D002AAA21B4F91256 /* libPods.a */,
			);
			name = Frameworks;
			sourceTree = "<group>";
		};
		8CB813723CA3ADACBFE7E9A2 /* Pods */ = {
			isa = PBXGroup;
			children = (
				1575BC9784037683C18B3221 /* Pods.debug.xcconfig */,
				5800B3B9917B19071961D7D4 /* Pods.release.xcconfig */,
			);
			name = Pods;
			sourceTree = "<group>";
		};
/* End PBXGroup section */

/* Begin PBXNativeTarget section */
		362E9A401A94C96A00CFC25A /* Ideao */ = {
			isa = PBXNativeTarget;
			buildConfigurationList = 362E9A671A94C96A00CFC25A /* Build configuration list for PBXNativeTarget "Ideao" */;
			buildPhases = (
				3B05909872A8F5D86139CFFA /* Check Pods Manifest.lock */,
				362E9A3D1A94C96A00CFC25A /* Sources */,
				362E9A3E1A94C96A00CFC25A /* Frameworks */,
				362E9A3F1A94C96A00CFC25A /* Resources */,
				362E9A6D1A94C9A000CFC25A /* ShellScript */,
				9867D72F54DBE08797B5C9FA /* Copy Pods Resources */,
			);
			buildRules = (
			);
			dependencies = (
			);
			name = Ideao;
			productName = Ideao;
			productReference = 362E9A411A94C96A00CFC25A /* Ideao.app */;
			productType = "com.apple.product-type.application";
		};
		362E9A5C1A94C96A00CFC25A /* IdeaoTests */ = {
			isa = PBXNativeTarget;
			buildConfigurationList = 362E9A6A1A94C96A00CFC25A /* Build configuration list for PBXNativeTarget "IdeaoTests" */;
			buildPhases = (
				362E9A591A94C96A00CFC25A /* Sources */,
				362E9A5A1A94C96A00CFC25A /* Frameworks */,
				362E9A5B1A94C96A00CFC25A /* Resources */,
			);
			buildRules = (
			);
			dependencies = (
				362E9A5F1A94C96A00CFC25A /* PBXTargetDependency */,
			);
			name = IdeaoTests;
			productName = IdeaoTests;
			productReference = 362E9A5D1A94C96A00CFC25A /* IdeaoTests.xctest */;
			productType = "com.apple.product-type.bundle.unit-test";
		};
/* End PBXNativeTarget section */

/* Begin PBXProject section */
		362E9A391A94C96A00CFC25A /* Project object */ = {
			isa = PBXProject;
			attributes = {
				LastUpgradeCheck = 0610;
				ORGANIZATIONNAME = com.adamf.ideao;
				TargetAttributes = {
					362E9A401A94C96A00CFC25A = {
						CreatedOnToolsVersion = 6.1.1;
					};
					362E9A5C1A94C96A00CFC25A = {
						CreatedOnToolsVersion = 6.1.1;
						TestTargetID = 362E9A401A94C96A00CFC25A;
					};
				};
			};
			buildConfigurationList = 362E9A3C1A94C96A00CFC25A /* Build configuration list for PBXProject "Ideao" */;
			compatibilityVersion = "Xcode 3.2";
			developmentRegion = English;
			hasScannedForEncodings = 0;
			knownRegions = (
				en,
				Base,
			);
			mainGroup = 362E9A381A94C96A00CFC25A;
			productRefGroup = 362E9A421A94C96A00CFC25A /* Products */;
			projectDirPath = "";
			projectRoot = "";
			targets = (
				362E9A401A94C96A00CFC25A /* Ideao */,
				362E9A5C1A94C96A00CFC25A /* IdeaoTests */,
			);
		};
/* End PBXProject section */

/* Begin PBXResourcesBuildPhase section */
		362E9A3F1A94C96A00CFC25A /* Resources */ = {
			isa = PBXResourcesBuildPhase;
			buildActionMask = 2147483647;
			files = (
				36F403741A9502AD00E46829 /* CardContentView.xib in Resources */,
				362E9A751A94CA3D00CFC25A /* TwitterKitResources.bundle in Resources */,
				362E9A531A94C96A00CFC25A /* Main.storyboard in Resources */,
				362E9A801A94F80400CFC25A /* MoPub.bundle in Resources */,
				362E9A581A94C96A00CFC25A /* LaunchScreen.xib in Resources */,
				362E9A551A94C96A00CFC25A /* Images.xcassets in Resources */,
			);
			runOnlyForDeploymentPostprocessing = 0;
		};
		362E9A5B1A94C96A00CFC25A /* Resources */ = {
			isa = PBXResourcesBuildPhase;
			buildActionMask = 2147483647;
			files = (
			);
			runOnlyForDeploymentPostprocessing = 0;
		};
/* End PBXResourcesBuildPhase section */

/* Begin PBXShellScriptBuildPhase section */
		362E9A6D1A94C9A000CFC25A /* ShellScript */ = {
			isa = PBXShellScriptBuildPhase;
			buildActionMask = 2147483647;
			files = (
			);
			inputPaths = (
			);
			outputPaths = (
			);
			runOnlyForDeploymentPostprocessing = 0;
			shellPath = /bin/sh;
			shellScript = "./Fabric.framework/run bafd2bcb9a8d0d0aeaadc0c43fe1348be257fae3 7fee39636c6cd92cac0aa280bdb23a40c6e7fb94db02135a4bc45b34a1e0a558";
		};
		3B05909872A8F5D86139CFFA /* Check Pods Manifest.lock */ = {
			isa = PBXShellScriptBuildPhase;
			buildActionMask = 2147483647;
			files = (
			);
			inputPaths = (
			);
			name = "Check Pods Manifest.lock";
			outputPaths = (
			);
			runOnlyForDeploymentPostprocessing = 0;
			shellPath = /bin/sh;
			shellScript = "diff \"${PODS_ROOT}/../Podfile.lock\" \"${PODS_ROOT}/Manifest.lock\" > /dev/null\nif [[ $? != 0 ]] ; then\n    cat << EOM\nerror: The sandbox is not in sync with the Podfile.lock. Run 'pod install' or update your CocoaPods installation.\nEOM\n    exit 1\nfi\n";
			showEnvVarsInLog = 0;
		};
		9867D72F54DBE08797B5C9FA /* Copy Pods Resources */ = {
			isa = PBXShellScriptBuildPhase;
			buildActionMask = 2147483647;
			files = (
			);
			inputPaths = (
			);
			name = "Copy Pods Resources";
			outputPaths = (
			);
			runOnlyForDeploymentPostprocessing = 0;
			shellPath = /bin/sh;
			shellScript = "\"${SRCROOT}/Pods/Target Support Files/Pods/Pods-resources.sh\"\n";
			showEnvVarsInLog = 0;
		};
/* End PBXShellScriptBuildPhase section */

/* Begin PBXSourcesBuildPhase section */
		362E9A3D1A94C96A00CFC25A /* Sources */ = {
			isa = PBXSourcesBuildPhase;
			buildActionMask = 2147483647;
			files = (
				362E9A4A1A94C96A00CFC25A /* AppDelegate.m in Sources */,
				362E9A4D1A94C96A00CFC25A /* Ideao.xcdatamodeld in Sources */,
				362E9A7C1A94EC5300CFC25A /* User.m in Sources */,
				362E9A501A94C96A00CFC25A /* LoginViewController.m in Sources */,
				362E9A791A94E9AC00CFC25A /* HomeViewController.m in Sources */,
				362E9A471A94C96A00CFC25A /* main.m in Sources */,
				36F403751A9502AD00E46829 /* CardView.m in Sources */,
			);
			runOnlyForDeploymentPostprocessing = 0;
		};
		362E9A591A94C96A00CFC25A /* Sources */ = {
			isa = PBXSourcesBuildPhase;
			buildActionMask = 2147483647;
			files = (
				362E9A641A94C96A00CFC25A /* IdeaoTests.m in Sources */,
			);
			runOnlyForDeploymentPostprocessing = 0;
		};
/* End PBXSourcesBuildPhase section */

/* Begin PBXTargetDependency section */
		362E9A5F1A94C96A00CFC25A /* PBXTargetDependency */ = {
			isa = PBXTargetDependency;
			target = 362E9A401A94C96A00CFC25A /* Ideao */;
			targetProxy = 362E9A5E1A94C96A00CFC25A /* PBXContainerItemProxy */;
		};
/* End PBXTargetDependency section */

/* Begin PBXVariantGroup section */
		362E9A511A94C96A00CFC25A /* Main.storyboard */ = {
			isa = PBXVariantGroup;
			children = (
				362E9A521A94C96A00CFC25A /* Base */,
			);
			name = Main.storyboard;
			sourceTree = "<group>";
		};
		362E9A561A94C96A00CFC25A /* LaunchScreen.xib */ = {
			isa = PBXVariantGroup;
			children = (
				362E9A571A94C96A00CFC25A /* Base */,
			);
			name = LaunchScreen.xib;
			sourceTree = "<group>";
		};
/* End PBXVariantGroup section */

/* Begin XCBuildConfiguration section */
		362E9A651A94C96A00CFC25A /* Debug */ = {
			isa = XCBuildConfiguration;
			buildSettings = {
				ALWAYS_SEARCH_USER_PATHS = NO;
				CLANG_CXX_LANGUAGE_STANDARD = "gnu++0x";
				CLANG_CXX_LIBRARY = "libc++";
				CLANG_ENABLE_MODULES = YES;
				CLANG_ENABLE_OBJC_ARC = YES;
				CLANG_WARN_BOOL_CONVERSION = YES;
				CLANG_WARN_CONSTANT_CONVERSION = YES;
				CLANG_WARN_DIRECT_OBJC_ISA_USAGE = YES_ERROR;
				CLANG_WARN_EMPTY_BODY = YES;
				CLANG_WARN_ENUM_CONVERSION = YES;
				CLANG_WARN_INT_CONVERSION = YES;
				CLANG_WARN_OBJC_ROOT_CLASS = YES_ERROR;
				CLANG_WARN_UNREACHABLE_CODE = YES;
				CLANG_WARN__DUPLICATE_METHOD_MATCH = YES;
				"CODE_SIGN_IDENTITY[sdk=iphoneos*]" = "iPhone Developer";
				COPY_PHASE_STRIP = NO;
				ENABLE_STRICT_OBJC_MSGSEND = YES;
				GCC_C_LANGUAGE_STANDARD = gnu99;
				GCC_DYNAMIC_NO_PIC = NO;
				GCC_OPTIMIZATION_LEVEL = 0;
				GCC_PREPROCESSOR_DEFINITIONS = (
					"DEBUG=1",
					"$(inherited)",
				);
				GCC_SYMBOLS_PRIVATE_EXTERN = NO;
				GCC_WARN_64_TO_32_BIT_CONVERSION = YES;
				GCC_WARN_ABOUT_RETURN_TYPE = YES_ERROR;
				GCC_WARN_UNDECLARED_SELECTOR = YES;
				GCC_WARN_UNINITIALIZED_AUTOS = YES_AGGRESSIVE;
				GCC_WARN_UNUSED_FUNCTION = YES;
				GCC_WARN_UNUSED_VARIABLE = YES;
				IPHONEOS_DEPLOYMENT_TARGET = 8.1;
				MTL_ENABLE_DEBUG_INFO = YES;
				ONLY_ACTIVE_ARCH = YES;
				SDKROOT = iphoneos;
			};
			name = Debug;
		};
		362E9A661A94C96A00CFC25A /* Release */ = {
			isa = XCBuildConfiguration;
			buildSettings = {
				ALWAYS_SEARCH_USER_PATHS = NO;
				CLANG_CXX_LANGUAGE_STANDARD = "gnu++0x";
				CLANG_CXX_LIBRARY = "libc++";
				CLANG_ENABLE_MODULES = YES;
				CLANG_ENABLE_OBJC_ARC = YES;
				CLANG_WARN_BOOL_CONVERSION = YES;
				CLANG_WARN_CONSTANT_CONVERSION = YES;
				CLANG_WARN_DIRECT_OBJC_ISA_USAGE = YES_ERROR;
				CLANG_WARN_EMPTY_BODY = YES;
				CLANG_WARN_ENUM_CONVERSION = YES;
				CLANG_WARN_INT_CONVERSION = YES;
				CLANG_WARN_OBJC_ROOT_CLASS = YES_ERROR;
				CLANG_WARN_UNREACHABLE_CODE = YES;
				CLANG_WARN__DUPLICATE_METHOD_MATCH = YES;
				"CODE_SIGN_IDENTITY[sdk=iphoneos*]" = "iPhone Developer";
				COPY_PHASE_STRIP = YES;
				ENABLE_NS_ASSERTIONS = NO;
				ENABLE_STRICT_OBJC_MSGSEND = YES;
				GCC_C_LANGUAGE_STANDARD = gnu99;
				GCC_WARN_64_TO_32_BIT_CONVERSION = YES;
				GCC_WARN_ABOUT_RETURN_TYPE = YES_ERROR;
				GCC_WARN_UNDECLARED_SELECTOR = YES;
				GCC_WARN_UNINITIALIZED_AUTOS = YES_AGGRESSIVE;
				GCC_WARN_UNUSED_FUNCTION = YES;
				GCC_WARN_UNUSED_VARIABLE = YES;
				IPHONEOS_DEPLOYMENT_TARGET = 8.1;
				MTL_ENABLE_DEBUG_INFO = NO;
				SDKROOT = iphoneos;
				VALIDATE_PRODUCT = YES;
			};
			name = Release;
		};
		362E9A681A94C96A00CFC25A /* Debug */ = {
			isa = XCBuildConfiguration;
			baseConfigurationReference = 1575BC9784037683C18B3221 /* Pods.debug.xcconfig */;
			buildSettings = {
				ASSETCATALOG_COMPILER_APPICON_NAME = AppIcon;
				FRAMEWORK_SEARCH_PATHS = (
					"$(inherited)",
					"$(PROJECT_DIR)",
				);
				INFOPLIST_FILE = Ideao/Info.plist;
				LD_RUNPATH_SEARCH_PATHS = "$(inherited) @executable_path/Frameworks";
				PRODUCT_NAME = "$(TARGET_NAME)";
			};
			name = Debug;
		};
		362E9A691A94C96A00CFC25A /* Release */ = {
			isa = XCBuildConfiguration;
			baseConfigurationReference = 5800B3B9917B19071961D7D4 /* Pods.release.xcconfig */;
			buildSettings = {
				ASSETCATALOG_COMPILER_APPICON_NAME = AppIcon;
				FRAMEWORK_SEARCH_PATHS = (
					"$(inherited)",
					"$(PROJECT_DIR)",
				);
				INFOPLIST_FILE = Ideao/Info.plist;
				LD_RUNPATH_SEARCH_PATHS = "$(inherited) @executable_path/Frameworks";
				PRODUCT_NAME = "$(TARGET_NAME)";
			};
			name = Release;
		};
		362E9A6B1A94C96A00CFC25A /* Debug */ = {
			isa = XCBuildConfiguration;
			buildSettings = {
				BUNDLE_LOADER = "$(TEST_HOST)";
				FRAMEWORK_SEARCH_PATHS = (
					"$(SDKROOT)/Developer/Library/Frameworks",
					"$(inherited)",
				);
				GCC_PREPROCESSOR_DEFINITIONS = (
					"DEBUG=1",
					"$(inherited)",
				);
				INFOPLIST_FILE = IdeaoTests/Info.plist;
				LD_RUNPATH_SEARCH_PATHS = "$(inherited) @executable_path/Frameworks @loader_path/Frameworks";
				PRODUCT_NAME = "$(TARGET_NAME)";
				TEST_HOST = "$(BUILT_PRODUCTS_DIR)/Ideao.app/Ideao";
			};
			name = Debug;
		};
		362E9A6C1A94C96A00CFC25A /* Release */ = {
			isa = XCBuildConfiguration;
			buildSettings = {
				BUNDLE_LOADER = "$(TEST_HOST)";
				FRAMEWORK_SEARCH_PATHS = (
					"$(SDKROOT)/Developer/Library/Frameworks",
					"$(inherited)",
				);
				INFOPLIST_FILE = IdeaoTests/Info.plist;
				LD_RUNPATH_SEARCH_PATHS = "$(inherited) @executable_path/Frameworks @loader_path/Frameworks";
				PRODUCT_NAME = "$(TARGET_NAME)";
				TEST_HOST = "$(BUILT_PRODUCTS_DIR)/Ideao.app/Ideao";
			};
			name = Release;
		};
/* End XCBuildConfiguration section */

/* Begin XCConfigurationList section */
		362E9A3C1A94C96A00CFC25A /* Build configuration list for PBXProject "Ideao" */ = {
			isa = XCConfigurationList;
			buildConfigurations = (
				362E9A651A94C96A00CFC25A /* Debug */,
				362E9A661A94C96A00CFC25A /* Release */,
			);
			defaultConfigurationIsVisible = 0;
			defaultConfigurationName = Release;
		};
		362E9A671A94C96A00CFC25A /* Build configuration list for PBXNativeTarget "Ideao" */ = {
			isa = XCConfigurationList;
			buildConfigurations = (
				362E9A681A94C96A00CFC25A /* Debug */,
				362E9A691A94C96A00CFC25A /* Release */,
			);
			defaultConfigurationIsVisible = 0;
			defaultConfigurationName = Release;
		};
		362E9A6A1A94C96A00CFC25A /* Build configuration list for PBXNativeTarget "IdeaoTests" */ = {
			isa = XCConfigurationList;
			buildConfigurations = (
				362E9A6B1A94C96A00CFC25A /* Debug */,
				362E9A6C1A94C96A00CFC25A /* Release */,
			);
			defaultConfigurationIsVisible = 0;
			defaultConfigurationName = Release;
		};
/* End XCConfigurationList section */

/* Begin XCVersionGroup section */
		362E9A4B1A94C96A00CFC25A /* Ideao.xcdatamodeld */ = {
			isa = XCVersionGroup;
			children = (
				362E9A4C1A94C96A00CFC25A /* Ideao.xcdatamodel */,
			);
			currentVersion = 362E9A4C1A94C96A00CFC25A /* Ideao.xcdatamodel */;
			path = Ideao.xcdatamodeld;
			sourceTree = "<group>";
			versionGroupType = wrapper.xcdatamodel;
		};
/* End XCVersionGroup section */
	};
	rootObject = 362E9A391A94C96A00CFC25A /* Project object */;
}
